// !$*UTF8*$!
{
	archiveVersion = 1;
	classes = {
	};
	objectVersion = 46;
	objects = {

/* Begin PBXBuildFile section */
		310568C01D4E9F2D005FA39C /* ArmazenamentoDados.swift in Sources */ = {isa = PBXBuildFile; fileRef = 310568BF1D4E9F2D005FA39C /* ArmazenamentoDados.swift */; };
		310AB89D1D4C17C6004749BF /* AppDelegate.swift in Sources */ = {isa = PBXBuildFile; fileRef = 310AB89C1D4C17C6004749BF /* AppDelegate.swift */; };
		310AB89F1D4C17C6004749BF /* ViewController.swift in Sources */ = {isa = PBXBuildFile; fileRef = 310AB89E1D4C17C6004749BF /* ViewController.swift */; };
		310AB8A21D4C17C6004749BF /* Main.storyboard in Resources */ = {isa = PBXBuildFile; fileRef = 310AB8A01D4C17C6004749BF /* Main.storyboard */; };
		310AB8A41D4C17C6004749BF /* Assets.xcassets in Resources */ = {isa = PBXBuildFile; fileRef = 310AB8A31D4C17C6004749BF /* Assets.xcassets */; };
		310AB8A71D4C17C6004749BF /* LaunchScreen.storyboard in Resources */ = {isa = PBXBuildFile; fileRef = 310AB8A51D4C17C6004749BF /* LaunchScreen.storyboard */; };
		310AB8AF1D4C20A8004749BF /* LocaisViagemViewController.swift in Sources */ = {isa = PBXBuildFile; fileRef = 310AB8AE1D4C20A8004749BF /* LocaisViagemViewController.swift */; };
/* End PBXBuildFile section */

/* Begin PBXFileReference section */
		310568BF1D4E9F2D005FA39C /* ArmazenamentoDados.swift */ = {isa = PBXFileReference; fileEncoding = 4; lastKnownFileType = sourcecode.swift; path = ArmazenamentoDados.swift; sourceTree = "<group>"; };
		310AB8991D4C17C6004749BF /* Minhas viagens Aula.app */ = {isa = PBXFileReference; explicitFileType = wrapper.application; includeInIndex = 0; path = "Minhas viagens Aula.app"; sourceTree = BUILT_PRODUCTS_DIR; };
		310AB89C1D4C17C6004749BF /* AppDelegate.swift */ = {isa = PBXFileReference; lastKnownFileType = sourcecode.swift; path = AppDelegate.swift; sourceTree = "<group>"; };
		310AB89E1D4C17C6004749BF /* ViewController.swift */ = {isa = PBXFileReference; lastKnownFileType = sourcecode.swift; path = ViewController.swift; sourceTree = "<group>"; };
		310AB8A11D4C17C6004749BF /* Base */ = {isa = PBXFileReference; lastKnownFileType = file.storyboard; name = Base; path = Base.lproj/Main.storyboard; sourceTree = "<group>"; };
		310AB8A31D4C17C6004749BF /* Assets.xcassets */ = {isa = PBXFileReference; lastKnownFileType = folder.assetcatalog; path = Assets.xcassets; sourceTree = "<group>"; };
		310AB8A61D4C17C6004749BF /* Base */ = {isa = PBXFileReference; lastKnownFileType = file.storyboard; name = Base; path = Base.lproj/LaunchScreen.storyboard; sourceTree = "<group>"; };
		310AB8A81D4C17C6004749BF /* Info.plist */ = {isa = PBXFileReference; lastKnownFileType = text.plist.xml; path = Info.plist; sourceTree = "<group>"; };
		310AB8AE1D4C20A8004749BF /* LocaisViagemViewController.swift */ = {isa = PBXFileReference; fileEncoding = 4; lastKnownFileType = sourcecode.swift; path = LocaisViagemViewController.swift; sourceTree = "<group>"; };
/* End PBXFileReference section */

/* Begin PBXFrameworksBuildPhase section */
		310AB8961D4C17C6004749BF /* Frameworks */ = {
			isa = PBXFrameworksBuildPhase;
			buildActionMask = 2147483647;
			files = (
			);
			runOnlyForDeploymentPostprocessing = 0;
		};
/* End PBXFrameworksBuildPhase section */

/* Begin PBXGroup section */
		310AB8901D4C17C6004749BF = {
			isa = PBXGroup;
			children = (
				310AB89B1D4C17C6004749BF /* Minhas viagens Aula */,
				310AB89A1D4C17C6004749BF /* Products */,
			);
			sourceTree = "<group>";
		};
		310AB89A1D4C17C6004749BF /* Products */ = {
			isa = PBXGroup;
			children = (
				310AB8991D4C17C6004749BF /* Minhas viagens Aula.app */,
			);
			name = Products;
			sourceTree = "<group>";
		};
		310AB89B1D4C17C6004749BF /* Minhas viagens Aula */ = {
			isa = PBXGroup;
			children = (
				310AB89C1D4C17C6004749BF /* AppDelegate.swift */,
				310AB89E1D4C17C6004749BF /* ViewController.swift */,
				310568BF1D4E9F2D005FA39C /* ArmazenamentoDados.swift */,
				310AB8AE1D4C20A8004749BF /* LocaisViagemViewController.swift */,
				310AB8A01D4C17C6004749BF /* Main.storyboard */,
				310AB8A31D4C17C6004749BF /* Assets.xcassets */,
				310AB8A51D4C17C6004749BF /* LaunchScreen.storyboard */,
				310AB8A81D4C17C6004749BF /* Info.plist */,
			);
			path = "Minhas viagens Aula";
			sourceTree = "<group>";
		};
/* End PBXGroup section */

/* Begin PBXNativeTarget section */
		310AB8981D4C17C6004749BF /* Minhas viagens Aula */ = {
			isa = PBXNativeTarget;
			buildConfigurationList = 310AB8AB1D4C17C6004749BF /* Build configuration list for PBXNativeTarget "Minhas viagens Aula" */;
			buildPhases = (
				310AB8951D4C17C6004749BF /* Sources */,
				310AB8961D4C17C6004749BF /* Frameworks */,
				310AB8971D4C17C6004749BF /* Resources */,
			);
			buildRules = (
			);
			dependencies = (
			);
			name = "Minhas viagens Aula";
			productName = "Minhas viagens Aula";
			productReference = 310AB8991D4C17C6004749BF /* Minhas viagens Aula.app */;
			productType = "com.apple.product-type.application";
		};
/* End PBXNativeTarget section */

/* Begin PBXProject section */
		310AB8911D4C17C6004749BF /* Project object */ = {
			isa = PBXProject;
			attributes = {
				LastSwiftUpdateCheck = 0800;
				LastUpgradeCheck = 1420;
				ORGANIZATIONNAME = "Jamilton  Damasceno";
				TargetAttributes = {
					310AB8981D4C17C6004749BF = {
						CreatedOnToolsVersion = 8.0;
						DevelopmentTeam = LA7VS69CK4;
						LastSwiftMigration = 0900;
						ProvisioningStyle = Automatic;
					};
				};
			};
			buildConfigurationList = 310AB8941D4C17C6004749BF /* Build configuration list for PBXProject "Minhas viagens Aula" */;
			compatibilityVersion = "Xcode 3.2";
			developmentRegion = English;
			hasScannedForEncodings = 0;
			knownRegions = (
				English,
				en,
				Base,
			);
			mainGroup = 310AB8901D4C17C6004749BF;
			productRefGroup = 310AB89A1D4C17C6004749BF /* Products */;
			projectDirPath = "";
			projectRoot = "";
			targets = (
				310AB8981D4C17C6004749BF /* Minhas viagens Aula */,
			);
		};
/* End PBXProject section */

/* Begin PBXResourcesBuildPhase section */
		310AB8971D4C17C6004749BF /* Resources */ = {
			isa = PBXResourcesBuildPhase;
			buildActionMask = 2147483647;
			files = (
				310AB8A71D4C17C6004749BF /* LaunchScreen.storyboard in Resources */,
				310AB8A41D4C17C6004749BF /* Assets.xcassets in Resources */,
				310AB8A21D4C17C6004749BF /* Main.storyboard in Resources */,
			);
			runOnlyForDeploymentPostprocessing = 0;
		};
/* End PBXResourcesBuildPhase section */

/* Begin PBXSourcesBuildPhase section */
		310AB8951D4C17C6004749BF /* Sources */ = {
			isa = PBXSourcesBuildPhase;
			buildActionMask = 2147483647;
			files = (
				310568C01D4E9F2D005FA39C /* ArmazenamentoDados.swift in Sources */,
				310AB89F1D4C17C6004749BF /* ViewController.swift in Sources */,
				310AB89D1D4C17C6004749BF /* AppDelegate.swift in Sources */,
				310AB8AF1D4C20A8004749BF /* LocaisViagemViewController.swift in Sources */,
			);
			runOnlyForDeploymentPostprocessing = 0;
		};
/* End PBXSourcesBuildPhase section */

/* Begin PBXVariantGroup section */
		310AB8A01D4C17C6004749BF /* Main.storyboard */ = {
			isa = PBXVariantGroup;
			children = (
				310AB8A11D4C17C6004749BF /* Base */,
			);
			name = Main.storyboard;
			sourceTree = "<group>";
		};
		310AB8A51D4C17C6004749BF /* LaunchScreen.storyboard */ = {
			isa = PBXVariantGroup;
			children = (
				310AB8A61D4C17C6004749BF /* Base */,
			);
			name = LaunchScreen.storyboard;
			sourceTree = "<group>";
		};
/* End PBXVariantGroup section */

/* Begin XCBuildConfiguration section */
		310AB8A91D4C17C6004749BF /* Debug */ = {
			isa = XCBuildConfiguration;
			buildSettings = {
				ALWAYS_SEARCH_USER_PATHS = NO;
				CLANG_ANALYZER_LOCALIZABILITY_NONLOCALIZED = YES;
				CLANG_ANALYZER_NONNULL = YES;
				CLANG_CXX_LANGUAGE_STANDARD = "gnu++0x";
				CLANG_CXX_LIBRARY = "libc++";
				CLANG_ENABLE_MODULES = YES;
				CLANG_ENABLE_OBJC_ARC = YES;
				CLANG_WARN_BLOCK_CAPTURE_AUTORELEASING = YES;
				CLANG_WARN_BOOL_CONVERSION = YES;
				CLANG_WARN_COMMA = YES;
				CLANG_WARN_CONSTANT_CONVERSION = YES;
				CLANG_WARN_DEPRECATED_OBJC_IMPLEMENTATIONS = YES;
				CLANG_WARN_DIRECT_OBJC_ISA_USAGE = YES_ERROR;
				CLANG_WARN_DOCUMENTATION_COMMENTS = YES;
				CLANG_WARN_EMPTY_BODY = YES;
				CLANG_WARN_ENUM_CONVERSION = YES;
				CLANG_WARN_INFINITE_RECURSION = YES;
				CLANG_WARN_INT_CONVERSION = YES;
				CLANG_WARN_NON_LITERAL_NULL_CONVERSION = YES;
				CLANG_WARN_OBJC_IMPLICIT_RETAIN_SELF = YES;
				CLANG_WARN_OBJC_LITERAL_CONVERSION = YES;
				CLANG_WARN_OBJC_ROOT_CLASS = YES_ERROR;
				CLANG_WARN_QUOTED_INCLUDE_IN_FRAMEWORK_HEADER = YES;
				CLANG_WARN_RANGE_LOOP_ANALYSIS = YES;
				CLANG_WARN_STRICT_PROTOTYPES = YES;
				CLANG_WARN_SUSPICIOUS_MOVE = YES;
				CLANG_WARN_UNREACHABLE_CODE = YES;
				CLANG_WARN__DUPLICATE_METHOD_MATCH = YES;
				"CODE_SIGN_IDENTITY[sdk=iphoneos*]" = "iPhone Developer";
				COPY_PHASE_STRIP = NO;
				DEBUG_INFORMATION_FORMAT = dwarf;
				ENABLE_STRICT_OBJC_MSGSEND = YES;
				ENABLE_TESTABILITY = YES;
				GCC_C_LANGUAGE_STANDARD = gnu99;
				GCC_DYNAMIC_NO_PIC = NO;
				GCC_NO_COMMON_BLOCKS = YES;
				GCC_OPTIMIZATION_LEVEL = 0;
				GCC_PREPROCESSOR_DEFINITIONS = (
					"DEBUG=1",
					"$(inherited)",
				);
				GCC_WARN_64_TO_32_BIT_CONVERSION = YES;
				GCC_WARN_ABOUT_RETURN_TYPE = YES_ERROR;
				GCC_WARN_UNDECLARED_SELECTOR = YES;
				GCC_WARN_UNINITIALIZED_AUTOS = YES_AGGRESSIVE;
				GCC_WARN_UNUSED_FUNCTION = YES;
				GCC_WARN_UNUSED_VARIABLE = YES;
				IPHONEOS_DEPLOYMENT_TARGET = 12.0;
				MTL_ENABLE_DEBUG_INFO = YES;
				ONLY_ACTIVE_ARCH = YES;
				SDKROOT = iphoneos;
				SWIFT_ACTIVE_COMPILATION_CONDITIONS = DEBUG;
				SWIFT_OPTIMIZATION_LEVEL = "-Onone";
			};
			name = Debug;
		};
		310AB8AA1D4C17C6004749BF /* Release */ = {
			isa = XCBuildConfiguration;
			buildSettings = {
				ALWAYS_SEARCH_USER_PATHS = NO;
				CLANG_ANALYZER_LOCALIZABILITY_NONLOCALIZED = YES;
				CLANG_ANALYZER_NONNULL = YES;
				CLANG_CXX_LANGUAGE_STANDARD = "gnu++0x";
				CLANG_CXX_LIBRARY = "libc++";
				CLANG_ENABLE_MODULES = YES;
				CLANG_ENABLE_OBJC_ARC = YES;
				CLANG_WARN_BLOCK_CAPTURE_AUTORELEASING = YES;
				CLANG_WARN_BOOL_CONVERSION = YES;
				CLANG_WARN_COMMA = YES;
				CLANG_WARN_CONSTANT_CONVERSION = YES;
				CLANG_WARN_DEPRECATED_OBJC_IMPLEMENTATIONS = YES;
				CLANG_WARN_DIRECT_OBJC_ISA_USAGE = YES_ERROR;
				CLANG_WARN_DOCUMENTATION_COMMENTS = YES;
				CLANG_WARN_EMPTY_BODY = YES;
				CLANG_WARN_ENUM_CONVERSION = YES;
				CLANG_WARN_INFINITE_RECURSION = YES;
				CLANG_WARN_INT_CONVERSION = YES;
				CLANG_WARN_NON_LITERAL_NULL_CONVERSION = YES;
				CLANG_WARN_OBJC_IMPLICIT_RETAIN_SELF = YES;
				CLANG_WARN_OBJC_LITERAL_CONVERSION = YES;
				CLANG_WARN_OBJC_ROOT_CLASS = YES_ERROR;
				CLANG_WARN_QUOTED_INCLUDE_IN_FRAMEWORK_HEADER = YES;
				CLANG_WARN_RANGE_LOOP_ANALYSIS = YES;
				CLANG_WARN_STRICT_PROTOTYPES = YES;
				CLANG_WARN_SUSPICIOUS_MOVE = YES;
				CLANG_WARN_UNREACHABLE_CODE = YES;
				CLANG_WARN__DUPLICATE_METHOD_MATCH = YES;
				"CODE_SIGN_IDENTITY[sdk=iphoneos*]" = "iPhone Developer";
				COPY_PHASE_STRIP = NO;
				DEBUG_INFORMATION_FORMAT = "dwarf-with-dsym";
				ENABLE_NS_ASSERTIONS = NO;
				ENABLE_STRICT_OBJC_MSGSEND = YES;
				GCC_C_LANGUAGE_STANDARD = gnu99;
				GCC_NO_COMMON_BLOCKS = YES;
				GCC_WARN_64_TO_32_BIT_CONVERSION = YES;
				GCC_WARN_ABOUT_RETURN_TYPE = YES_ERROR;
				GCC_WARN_UNDECLARED_SELECTOR = YES;
				GCC_WARN_UNINITIALIZED_AUTOS = YES_AGGRESSIVE;
				GCC_WARN_UNUSED_FUNCTION = YES;
				GCC_WARN_UNUSED_VARIABLE = YES;
				IPHONEOS_DEPLOYMENT_TARGET = 12.0;
				MTL_ENABLE_DEBUG_INFO = NO;
				SDKROOT = iphoneos;
				SWIFT_OPTIMIZATION_LEVEL = "-Owholemodule";
				VALIDATE_PRODUCT = YES;
			};
			name = Release;
		};
		310AB8AC1D4C17C6004749BF /* Debug */ = {
			isa = XCBuildConfiguration;
			buildSettings = {
				ASSETCATALOG_COMPILER_APPICON_NAME = AppIcon;
				DEVELOPMENT_TEAM = LA7VS69CK4;
				INFOPLIST_FILE = "Minhas viagens Aula/Info.plist";
				LD_RUNPATH_SEARCH_PATHS = "$(inherited) @executable_path/Frameworks";
				PRODUCT_BUNDLE_IDENTIFIER = "com.cursoios.Minhas-viagens-Aula";
				PRODUCT_NAME = "$(TARGET_NAME)";
				SWIFT_SWIFT3_OBJC_INFERENCE = On;
				SWIFT_VERSION = 4.0;
			};
			name = Debug;
		};
		310AB8AD1D4C17C6004749BF /* Release */ = {
			isa = XCBuildConfiguration;
			buildSettings = {
				ASSETCATALOG_COMPILER_APPICON_NAME = AppIcon;
				DEVELOPMENT_TEAM = LA7VS69CK4;
				INFOPLIST_FILE = "Minhas viagens Aula/Info.plist";
				LD_RUNPATH_SEARCH_PATHS = "$(inherited) @executable_path/Frameworks";
				PRODUCT_BUNDLE_IDENTIFIER = "com.cursoios.Minhas-viagens-Aula";
				PRODUCT_NAME = "$(TARGET_NAME)";
				SWIFT_SWIFT3_OBJC_INFERENCE = On;
				SWIFT_VERSION = 4.0;
			};
			name = Release;
		};
/* End XCBuildConfiguration section */

/* Begin XCConfigurationList section */
		310AB8941D4C17C6004749BF /* Build configuration list for PBXProject "Minhas viagens Aula" */ = {
			isa = XCConfigurationList;
			buildConfigurations = (
				310AB8A91D4C17C6004749BF /* Debug */,
				310AB8AA1D4C17C6004749BF /* Release */,
			);
			defaultConfigurationIsVisible = 0;
			defaultConfigurationName = Release;
		};
		310AB8AB1D4C17C6004749BF /* Build configuration list for PBXNativeTarget "Minhas viagens Aula" */ = {
			isa = XCConfigurationList;
			buildConfigurations = (
				310AB8AC1D4C17C6004749BF /* Debug */,
				310AB8AD1D4C17C6004749BF /* Release */,
			);
			defaultConfigurationIsVisible = 0;
			defaultConfigurationName = Release;
		};
/* End XCConfigurationList section */
	};
	rootObject = 310AB8911D4C17C6004749BF /* Project object */;
}
